// !$*UTF8*$!
{
	archiveVersion = 1;
	classes = {
	};
	objectVersion = 55;
	objects = {

/* Begin PBXBuildFile section */
		4C2BAEBC2726B34E001A6374 /* AppDelegate.m in Sources */ = {isa = PBXBuildFile; fileRef = 4C2BAEBB2726B34E001A6374 /* AppDelegate.m */; };
		4C2BAEBE2726B34E001A6374 /* Scene.sks in Resources */ = {isa = PBXBuildFile; fileRef = 4C2BAEBD2726B34E001A6374 /* Scene.sks */; };
		4C2BAEC12726B34E001A6374 /* Scene.m in Sources */ = {isa = PBXBuildFile; fileRef = 4C2BAEC02726B34E001A6374 /* Scene.m */; };
		4C2BAEC42726B34E001A6374 /* ViewController.m in Sources */ = {isa = PBXBuildFile; fileRef = 4C2BAEC32726B34E001A6374 /* ViewController.m */; };
		4C2BAEC72726B34E001A6374 /* Main.storyboard in Resources */ = {isa = PBXBuildFile; fileRef = 4C2BAEC52726B34E001A6374 /* Main.storyboard */; };
		4C2BAEC92726B350001A6374 /* Assets.xcassets in Resources */ = {isa = PBXBuildFile; fileRef = 4C2BAEC82726B350001A6374 /* Assets.xcassets */; };
		4C2BAECC2726B350001A6374 /* LaunchScreen.storyboard in Resources */ = {isa = PBXBuildFile; fileRef = 4C2BAECA2726B350001A6374 /* LaunchScreen.storyboard */; };
		4C2BAECE2726B350001A6374 /* main.m in Sources */ = {isa = PBXBuildFile; fileRef = 4C2BAECD2726B350001A6374 /* main.m */; };
		4C2BAED82726B351001A6374 /* PeekTests.m in Sources */ = {isa = PBXBuildFile; fileRef = 4C2BAED72726B351001A6374 /* PeekTests.m */; };
		4C2BAEE22726B351001A6374 /* PeekUITests.m in Sources */ = {isa = PBXBuildFile; fileRef = 4C2BAEE12726B351001A6374 /* PeekUITests.m */; };
		4C2BAEE42726B351001A6374 /* PeekUITestsLaunchTests.m in Sources */ = {isa = PBXBuildFile; fileRef = 4C2BAEE32726B351001A6374 /* PeekUITestsLaunchTests.m */; };
		4C2BAEF22726C10F001A6374 /* UIColor+DYTColor.m in Sources */ = {isa = PBXBuildFile; fileRef = 4C2BAEF02726C10E001A6374 /* UIColor+DYTColor.m */; };
/* End PBXBuildFile section */

/* Begin PBXContainerItemProxy section */
		4C2BAED42726B351001A6374 /* PBXContainerItemProxy */ = {
			isa = PBXContainerItemProxy;
			containerPortal = 4C2BAEAF2726B34E001A6374 /* Project object */;
			proxyType = 1;
			remoteGlobalIDString = 4C2BAEB62726B34E001A6374;
			remoteInfo = Peek;
		};
		4C2BAEDE2726B351001A6374 /* PBXContainerItemProxy */ = {
			isa = PBXContainerItemProxy;
			containerPortal = 4C2BAEAF2726B34E001A6374 /* Project object */;
			proxyType = 1;
			remoteGlobalIDString = 4C2BAEB62726B34E001A6374;
			remoteInfo = Peek;
		};
/* End PBXContainerItemProxy section */

/* Begin PBXFileReference section */
		4C2BAEB72726B34E001A6374 /* Peek.app */ = {isa = PBXFileReference; explicitFileType = wrapper.application; includeInIndex = 0; path = Peek.app; sourceTree = BUILT_PRODUCTS_DIR; };
		4C2BAEBA2726B34E001A6374 /* AppDelegate.h */ = {isa = PBXFileReference; lastKnownFileType = sourcecode.c.h; path = AppDelegate.h; sourceTree = "<group>"; };
		4C2BAEBB2726B34E001A6374 /* AppDelegate.m */ = {isa = PBXFileReference; lastKnownFileType = sourcecode.c.objc; path = AppDelegate.m; sourceTree = "<group>"; };
		4C2BAEBD2726B34E001A6374 /* Scene.sks */ = {isa = PBXFileReference; lastKnownFileType = file.sks; path = Scene.sks; sourceTree = "<group>"; };
		4C2BAEBF2726B34E001A6374 /* Scene.h */ = {isa = PBXFileReference; lastKnownFileType = sourcecode.c.h; path = Scene.h; sourceTree = "<group>"; };
		4C2BAEC02726B34E001A6374 /* Scene.m */ = {isa = PBXFileReference; lastKnownFileType = sourcecode.c.objc; path = Scene.m; sourceTree = "<group>"; };
		4C2BAEC22726B34E001A6374 /* ViewController.h */ = {isa = PBXFileReference; lastKnownFileType = sourcecode.c.h; path = ViewController.h; sourceTree = "<group>"; };
		4C2BAEC32726B34E001A6374 /* ViewController.m */ = {isa = PBXFileReference; lastKnownFileType = sourcecode.c.objc; path = ViewController.m; sourceTree = "<group>"; };
		4C2BAEC62726B34E001A6374 /* Base */ = {isa = PBXFileReference; lastKnownFileType = file.storyboard; name = Base; path = Base.lproj/Main.storyboard; sourceTree = "<group>"; };
		4C2BAEC82726B350001A6374 /* Assets.xcassets */ = {isa = PBXFileReference; lastKnownFileType = folder.assetcatalog; path = Assets.xcassets; sourceTree = "<group>"; };
		4C2BAECB2726B350001A6374 /* Base */ = {isa = PBXFileReference; lastKnownFileType = file.storyboard; name = Base; path = Base.lproj/LaunchScreen.storyboard; sourceTree = "<group>"; };
		4C2BAECD2726B350001A6374 /* main.m */ = {isa = PBXFileReference; lastKnownFileType = sourcecode.c.objc; path = main.m; sourceTree = "<group>"; };
		4C2BAED32726B351001A6374 /* PeekTests.xctest */ = {isa = PBXFileReference; explicitFileType = wrapper.cfbundle; includeInIndex = 0; path = PeekTests.xctest; sourceTree = BUILT_PRODUCTS_DIR; };
		4C2BAED72726B351001A6374 /* PeekTests.m */ = {isa = PBXFileReference; lastKnownFileType = sourcecode.c.objc; path = PeekTests.m; sourceTree = "<group>"; };
		4C2BAEDD2726B351001A6374 /* PeekUITests.xctest */ = {isa = PBXFileReference; explicitFileType = wrapper.cfbundle; includeInIndex = 0; path = PeekUITests.xctest; sourceTree = BUILT_PRODUCTS_DIR; };
		4C2BAEE12726B351001A6374 /* PeekUITests.m */ = {isa = PBXFileReference; lastKnownFileType = sourcecode.c.objc; path = PeekUITests.m; sourceTree = "<group>"; };
		4C2BAEE32726B351001A6374 /* PeekUITestsLaunchTests.m */ = {isa = PBXFileReference; lastKnownFileType = sourcecode.c.objc; path = PeekUITestsLaunchTests.m; sourceTree = "<group>"; };
		4C2BAEF02726C10E001A6374 /* UIColor+DYTColor.m */ = {isa = PBXFileReference; fileEncoding = 4; lastKnownFileType = sourcecode.c.objc; path = "UIColor+DYTColor.m"; sourceTree = "<group>"; };
		4C2BAEF12726C10E001A6374 /* UIColor+DYTColor.h */ = {isa = PBXFileReference; fileEncoding = 4; lastKnownFileType = sourcecode.c.h; path = "UIColor+DYTColor.h"; sourceTree = "<group>"; };
/* End PBXFileReference section */

/* Begin PBXFrameworksBuildPhase section */
		4C2BAEB42726B34E001A6374 /* Frameworks */ = {
			isa = PBXFrameworksBuildPhase;
			buildActionMask = 2147483647;
			files = (
			);
			runOnlyForDeploymentPostprocessing = 0;
		};
		4C2BAED02726B351001A6374 /* Frameworks */ = {
			isa = PBXFrameworksBuildPhase;
			buildActionMask = 2147483647;
			files = (
			);
			runOnlyForDeploymentPostprocessing = 0;
		};
		4C2BAEDA2726B351001A6374 /* Frameworks */ = {
			isa = PBXFrameworksBuildPhase;
			buildActionMask = 2147483647;
			files = (
			);
			runOnlyForDeploymentPostprocessing = 0;
		};
/* End PBXFrameworksBuildPhase section */

/* Begin PBXGroup section */
		4C2BAEAE2726B34E001A6374 = {
			isa = PBXGroup;
			children = (
				4C2BAEB92726B34E001A6374 /* Peek */,
				4C2BAED62726B351001A6374 /* PeekTests */,
				4C2BAEE02726B351001A6374 /* PeekUITests */,
				4C2BAEB82726B34E001A6374 /* Products */,
			);
			sourceTree = "<group>";
		};
		4C2BAEB82726B34E001A6374 /* Products */ = {
			isa = PBXGroup;
			children = (
				4C2BAEB72726B34E001A6374 /* Peek.app */,
				4C2BAED32726B351001A6374 /* PeekTests.xctest */,
				4C2BAEDD2726B351001A6374 /* PeekUITests.xctest */,
			);
			name = Products;
			sourceTree = "<group>";
		};
		4C2BAEB92726B34E001A6374 /* Peek */ = {
			isa = PBXGroup;
			children = (
				4C2BAEBA2726B34E001A6374 /* AppDelegate.h */,
				4C2BAEBB2726B34E001A6374 /* AppDelegate.m */,
				4C2BAEBD2726B34E001A6374 /* Scene.sks */,
				4C2BAEBF2726B34E001A6374 /* Scene.h */,
				4C2BAEC02726B34E001A6374 /* Scene.m */,
				4C2BAEC22726B34E001A6374 /* ViewController.h */,
				4C2BAEC32726B34E001A6374 /* ViewController.m */,
				4C2BAEF12726C10E001A6374 /* UIColor+DYTColor.h */,
				4C2BAEF02726C10E001A6374 /* UIColor+DYTColor.m */,
				4C2BAEC52726B34E001A6374 /* Main.storyboard */,
				4C2BAEC82726B350001A6374 /* Assets.xcassets */,
				4C2BAECA2726B350001A6374 /* LaunchScreen.storyboard */,
				4C2BAECD2726B350001A6374 /* main.m */,
			);
			path = Peek;
			sourceTree = "<group>";
		};
		4C2BAED62726B351001A6374 /* PeekTests */ = {
			isa = PBXGroup;
			children = (
				4C2BAED72726B351001A6374 /* PeekTests.m */,
			);
			path = PeekTests;
			sourceTree = "<group>";
		};
		4C2BAEE02726B351001A6374 /* PeekUITests */ = {
			isa = PBXGroup;
			children = (
				4C2BAEE12726B351001A6374 /* PeekUITests.m */,
				4C2BAEE32726B351001A6374 /* PeekUITestsLaunchTests.m */,
			);
			path = PeekUITests;
			sourceTree = "<group>";
		};
/* End PBXGroup section */

/* Begin PBXNativeTarget section */
		4C2BAEB62726B34E001A6374 /* Peek */ = {
			isa = PBXNativeTarget;
			buildConfigurationList = 4C2BAEE72726B351001A6374 /* Build configuration list for PBXNativeTarget "Peek" */;
			buildPhases = (
				4C2BAEB32726B34E001A6374 /* Sources */,
				4C2BAEB42726B34E001A6374 /* Frameworks */,
				4C2BAEB52726B34E001A6374 /* Resources */,
			);
			buildRules = (
			);
			dependencies = (
			);
			name = Peek;
			productName = Peek;
			productReference = 4C2BAEB72726B34E001A6374 /* Peek.app */;
			productType = "com.apple.product-type.application";
		};
		4C2BAED22726B351001A6374 /* PeekTests */ = {
			isa = PBXNativeTarget;
			buildConfigurationList = 4C2BAEEA2726B351001A6374 /* Build configuration list for PBXNativeTarget "PeekTests" */;
			buildPhases = (
				4C2BAECF2726B351001A6374 /* Sources */,
				4C2BAED02726B351001A6374 /* Frameworks */,
				4C2BAED12726B351001A6374 /* Resources */,
			);
			buildRules = (
			);
			dependencies = (
				4C2BAED52726B351001A6374 /* PBXTargetDependency */,
			);
			name = PeekTests;
			productName = PeekTests;
			productReference = 4C2BAED32726B351001A6374 /* PeekTests.xctest */;
			productType = "com.apple.product-type.bundle.unit-test";
		};
		4C2BAEDC2726B351001A6374 /* PeekUITests */ = {
			isa = PBXNativeTarget;
			buildConfigurationList = 4C2BAEED2726B351001A6374 /* Build configuration list for PBXNativeTarget "PeekUITests" */;
			buildPhases = (
				4C2BAED92726B351001A6374 /* Sources */,
				4C2BAEDA2726B351001A6374 /* Frameworks */,
				4C2BAEDB2726B351001A6374 /* Resources */,
			);
			buildRules = (
			);
			dependencies = (
				4C2BAEDF2726B351001A6374 /* PBXTargetDependency */,
			);
			name = PeekUITests;
			productName = PeekUITests;
			productReference = 4C2BAEDD2726B351001A6374 /* PeekUITests.xctest */;
			productType = "com.apple.product-type.bundle.ui-testing";
		};
/* End PBXNativeTarget section */

/* Begin PBXProject section */
		4C2BAEAF2726B34E001A6374 /* Project object */ = {
			isa = PBXProject;
			attributes = {
				BuildIndependentTargetsInParallel = 1;
				LastUpgradeCheck = 1300;
				TargetAttributes = {
					4C2BAEB62726B34E001A6374 = {
						CreatedOnToolsVersion = 13.0;
					};
					4C2BAED22726B351001A6374 = {
						CreatedOnToolsVersion = 13.0;
						TestTargetID = 4C2BAEB62726B34E001A6374;
					};
					4C2BAEDC2726B351001A6374 = {
						CreatedOnToolsVersion = 13.0;
						TestTargetID = 4C2BAEB62726B34E001A6374;
					};
				};
			};
			buildConfigurationList = 4C2BAEB22726B34E001A6374 /* Build configuration list for PBXProject "Peek" */;
			compatibilityVersion = "Xcode 13.0";
			developmentRegion = en;
			hasScannedForEncodings = 0;
			knownRegions = (
				en,
				Base,
			);
			mainGroup = 4C2BAEAE2726B34E001A6374;
			productRefGroup = 4C2BAEB82726B34E001A6374 /* Products */;
			projectDirPath = "";
			projectRoot = "";
			targets = (
				4C2BAEB62726B34E001A6374 /* Peek */,
				4C2BAED22726B351001A6374 /* PeekTests */,
				4C2BAEDC2726B351001A6374 /* PeekUITests */,
			);
		};
/* End PBXProject section */

/* Begin PBXResourcesBuildPhase section */
		4C2BAEB52726B34E001A6374 /* Resources */ = {
			isa = PBXResourcesBuildPhase;
			buildActionMask = 2147483647;
			files = (
				4C2BAEBE2726B34E001A6374 /* Scene.sks in Resources */,
				4C2BAECC2726B350001A6374 /* LaunchScreen.storyboard in Resources */,
				4C2BAEC92726B350001A6374 /* Assets.xcassets in Resources */,
				4C2BAEC72726B34E001A6374 /* Main.storyboard in Resources */,
			);
			runOnlyForDeploymentPostprocessing = 0;
		};
		4C2BAED12726B351001A6374 /* Resources */ = {
			isa = PBXResourcesBuildPhase;
			buildActionMask = 2147483647;
			files = (
			);
			runOnlyForDeploymentPostprocessing = 0;
		};
		4C2BAEDB2726B351001A6374 /* Resources */ = {
			isa = PBXResourcesBuildPhase;
			buildActionMask = 2147483647;
			files = (
			);
			runOnlyForDeploymentPostprocessing = 0;
		};
/* End PBXResourcesBuildPhase section */

/* Begin PBXSourcesBuildPhase section */
		4C2BAEB32726B34E001A6374 /* Sources */ = {
			isa = PBXSourcesBuildPhase;
			buildActionMask = 2147483647;
			files = (
				4C2BAEC42726B34E001A6374 /* ViewController.m in Sources */,
				4C2BAEC12726B34E001A6374 /* Scene.m in Sources */,
				4C2BAECE2726B350001A6374 /* main.m in Sources */,
				4C2BAEBC2726B34E001A6374 /* AppDelegate.m in Sources */,
				4C2BAEF22726C10F001A6374 /* UIColor+DYTColor.m in Sources */,
			);
			runOnlyForDeploymentPostprocessing = 0;
		};
		4C2BAECF2726B351001A6374 /* Sources */ = {
			isa = PBXSourcesBuildPhase;
			buildActionMask = 2147483647;
			files = (
				4C2BAED82726B351001A6374 /* PeekTests.m in Sources */,
			);
			runOnlyForDeploymentPostprocessing = 0;
		};
		4C2BAED92726B351001A6374 /* Sources */ = {
			isa = PBXSourcesBuildPhase;
			buildActionMask = 2147483647;
			files = (
				4C2BAEE22726B351001A6374 /* PeekUITests.m in Sources */,
				4C2BAEE42726B351001A6374 /* PeekUITestsLaunchTests.m in Sources */,
			);
			runOnlyForDeploymentPostprocessing = 0;
		};
/* End PBXSourcesBuildPhase section */

/* Begin PBXTargetDependency section */
		4C2BAED52726B351001A6374 /* PBXTargetDependency */ = {
			isa = PBXTargetDependency;
			target = 4C2BAEB62726B34E001A6374 /* Peek */;
			targetProxy = 4C2BAED42726B351001A6374 /* PBXContainerItemProxy */;
		};
		4C2BAEDF2726B351001A6374 /* PBXTargetDependency */ = {
			isa = PBXTargetDependency;
			target = 4C2BAEB62726B34E001A6374 /* Peek */;
			targetProxy = 4C2BAEDE2726B351001A6374 /* PBXContainerItemProxy */;
		};
/* End PBXTargetDependency section */

/* Begin PBXVariantGroup section */
		4C2BAEC52726B34E001A6374 /* Main.storyboard */ = {
			isa = PBXVariantGroup;
			children = (
				4C2BAEC62726B34E001A6374 /* Base */,
			);
			name = Main.storyboard;
			sourceTree = "<group>";
		};
		4C2BAECA2726B350001A6374 /* LaunchScreen.storyboard */ = {
			isa = PBXVariantGroup;
			children = (
				4C2BAECB2726B350001A6374 /* Base */,
			);
			name = LaunchScreen.storyboard;
			sourceTree = "<group>";
		};
/* End PBXVariantGroup section */

/* Begin XCBuildConfiguration section */
		4C2BAEE52726B351001A6374 /* Debug */ = {
			isa = XCBuildConfiguration;
			buildSettings = {
				ALWAYS_SEARCH_USER_PATHS = NO;
				CLANG_ANALYZER_NONNULL = YES;
				CLANG_ANALYZER_NUMBER_OBJECT_CONVERSION = YES_AGGRESSIVE;
				CLANG_CXX_LANGUAGE_STANDARD = "gnu++17";
				CLANG_CXX_LIBRARY = "libc++";
				CLANG_ENABLE_MODULES = YES;
				CLANG_ENABLE_OBJC_ARC = YES;
				CLANG_ENABLE_OBJC_WEAK = YES;
				CLANG_WARN_BLOCK_CAPTURE_AUTORELEASING = YES;
				CLANG_WARN_BOOL_CONVERSION = YES;
				CLANG_WARN_COMMA = YES;
				CLANG_WARN_CONSTANT_CONVERSION = YES;
				CLANG_WARN_DEPRECATED_OBJC_IMPLEMENTATIONS = YES;
				CLANG_WARN_DIRECT_OBJC_ISA_USAGE = YES_ERROR;
				CLANG_WARN_DOCUMENTATION_COMMENTS = YES;
				CLANG_WARN_EMPTY_BODY = YES;
				CLANG_WARN_ENUM_CONVERSION = YES;
				CLANG_WARN_INFINITE_RECURSION = YES;
				CLANG_WARN_INT_CONVERSION = YES;
				CLANG_WARN_NON_LITERAL_NULL_CONVERSION = YES;
				CLANG_WARN_OBJC_IMPLICIT_RETAIN_SELF = YES;
				CLANG_WARN_OBJC_LITERAL_CONVERSION = YES;
				CLANG_WARN_OBJC_ROOT_CLASS = YES_ERROR;
				CLANG_WARN_QUOTED_INCLUDE_IN_FRAMEWORK_HEADER = YES;
				CLANG_WARN_RANGE_LOOP_ANALYSIS = YES;
				CLANG_WARN_STRICT_PROTOTYPES = YES;
				CLANG_WARN_SUSPICIOUS_MOVE = YES;
				CLANG_WARN_UNGUARDED_AVAILABILITY = YES_AGGRESSIVE;
				CLANG_WARN_UNREACHABLE_CODE = YES;
				CLANG_WARN__DUPLICATE_METHOD_MATCH = YES;
				COPY_PHASE_STRIP = NO;
				DEBUG_INFORMATION_FORMAT = dwarf;
				ENABLE_STRICT_OBJC_MSGSEND = YES;
				ENABLE_TESTABILITY = YES;
				GCC_C_LANGUAGE_STANDARD = gnu11;
				GCC_DYNAMIC_NO_PIC = NO;
				GCC_NO_COMMON_BLOCKS = YES;
				GCC_OPTIMIZATION_LEVEL = 0;
				GCC_PREPROCESSOR_DEFINITIONS = (
					"DEBUG=1",
					"$(inherited)",
				);
				GCC_WARN_64_TO_32_BIT_CONVERSION = YES;
				GCC_WARN_ABOUT_RETURN_TYPE = YES_ERROR;
				GCC_WARN_UNDECLARED_SELECTOR = YES;
				GCC_WARN_UNINITIALIZED_AUTOS = YES_AGGRESSIVE;
				GCC_WARN_UNUSED_FUNCTION = YES;
				GCC_WARN_UNUSED_VARIABLE = YES;
				IPHONEOS_DEPLOYMENT_TARGET = 15.0;
				MTL_ENABLE_DEBUG_INFO = INCLUDE_SOURCE;
				MTL_FAST_MATH = YES;
				ONLY_ACTIVE_ARCH = YES;
				SDKROOT = iphoneos;
			};
			name = Debug;
		};
		4C2BAEE62726B351001A6374 /* Release */ = {
			isa = XCBuildConfiguration;
			buildSettings = {
				ALWAYS_SEARCH_USER_PATHS = NO;
				CLANG_ANALYZER_NONNULL = YES;
				CLANG_ANALYZER_NUMBER_OBJECT_CONVERSION = YES_AGGRESSIVE;
				CLANG_CXX_LANGUAGE_STANDARD = "gnu++17";
				CLANG_CXX_LIBRARY = "libc++";
				CLANG_ENABLE_MODULES = YES;
				CLANG_ENABLE_OBJC_ARC = YES;
				CLANG_ENABLE_OBJC_WEAK = YES;
				CLANG_WARN_BLOCK_CAPTURE_AUTORELEASING = YES;
				CLANG_WARN_BOOL_CONVERSION = YES;
				CLANG_WARN_COMMA = YES;
				CLANG_WARN_CONSTANT_CONVERSION = YES;
				CLANG_WARN_DEPRECATED_OBJC_IMPLEMENTATIONS = YES;
				CLANG_WARN_DIRECT_OBJC_ISA_USAGE = YES_ERROR;
				CLANG_WARN_DOCUMENTATION_COMMENTS = YES;
				CLANG_WARN_EMPTY_BODY = YES;
				CLANG_WARN_ENUM_CONVERSION = YES;
				CLANG_WARN_INFINITE_RECURSION = YES;
				CLANG_WARN_INT_CONVERSION = YES;
				CLANG_WARN_NON_LITERAL_NULL_CONVERSION = YES;
				CLANG_WARN_OBJC_IMPLICIT_RETAIN_SELF = YES;
				CLANG_WARN_OBJC_LITERAL_CONVERSION = YES;
				CLANG_WARN_OBJC_ROOT_CLASS = YES_ERROR;
				CLANG_WARN_QUOTED_INCLUDE_IN_FRAMEWORK_HEADER = YES;
				CLANG_WARN_RANGE_LOOP_ANALYSIS = YES;
				CLANG_WARN_STRICT_PROTOTYPES = YES;
				CLANG_WARN_SUSPICIOUS_MOVE = YES;
				CLANG_WARN_UNGUARDED_AVAILABILITY = YES_AGGRESSIVE;
				CLANG_WARN_UNREACHABLE_CODE = YES;
				CLANG_WARN__DUPLICATE_METHOD_MATCH = YES;
				COPY_PHASE_STRIP = NO;
				DEBUG_INFORMATION_FORMAT = "dwarf-with-dsym";
				ENABLE_NS_ASSERTIONS = NO;
				ENABLE_STRICT_OBJC_MSGSEND = YES;
				GCC_C_LANGUAGE_STANDARD = gnu11;
				GCC_NO_COMMON_BLOCKS = YES;
				GCC_WARN_64_TO_32_BIT_CONVERSION = YES;
				GCC_WARN_ABOUT_RETURN_TYPE = YES_ERROR;
				GCC_WARN_UNDECLARED_SELECTOR = YES;
				GCC_WARN_UNINITIALIZED_AUTOS = YES_AGGRESSIVE;
				GCC_WARN_UNUSED_FUNCTION = YES;
				GCC_WARN_UNUSED_VARIABLE = YES;
				IPHONEOS_DEPLOYMENT_TARGET = 15.0;
				MTL_ENABLE_DEBUG_INFO = NO;
				MTL_FAST_MATH = YES;
				SDKROOT = iphoneos;
				VALIDATE_PRODUCT = YES;
			};
			name = Release;
		};
		4C2BAEE82726B351001A6374 /* Debug */ = {
			isa = XCBuildConfiguration;
			buildSettings = {
				ASSETCATALOG_COMPILER_APPICON_NAME = AppIcon;
				ASSETCATALOG_COMPILER_GLOBAL_ACCENT_COLOR_NAME = AccentColor;
				CODE_SIGN_STYLE = Automatic;
				CURRENT_PROJECT_VERSION = 1;
				DEVELOPMENT_TEAM = GEK8BQKJRQ;
				GENERATE_INFOPLIST_FILE = YES;
				INFOPLIST_KEY_NSCameraUsageDescription = "";
				INFOPLIST_KEY_UIApplicationSupportsIndirectInputEvents = YES;
				INFOPLIST_KEY_UILaunchStoryboardName = LaunchScreen;
				INFOPLIST_KEY_UIMainStoryboardFile = Main;
				INFOPLIST_KEY_UIRequiredDeviceCapabilities = arkit;
				INFOPLIST_KEY_UIStatusBarHidden = YES;
				INFOPLIST_KEY_UISupportedInterfaceOrientations_iPad = "UIInterfaceOrientationPortrait UIInterfaceOrientationPortraitUpsideDown UIInterfaceOrientationLandscapeLeft UIInterfaceOrientationLandscapeRight";
				INFOPLIST_KEY_UISupportedInterfaceOrientations_iPhone = "UIInterfaceOrientationPortrait UIInterfaceOrientationLandscapeLeft UIInterfaceOrientationLandscapeRight";
				IPHONEOS_DEPLOYMENT_TARGET = 14.0;
				LD_RUNPATH_SEARCH_PATHS = (
					"$(inherited)",
					"@executable_path/Frameworks",
				);
				MARKETING_VERSION = 1.0;
				PRODUCT_BUNDLE_IDENTIFIER = com.peekspritekit.Peek;
				PRODUCT_NAME = "$(TARGET_NAME)";
				SWIFT_EMIT_LOC_STRINGS = YES;
				TARGETED_DEVICE_FAMILY = "1,2";
			};
			name = Debug;
		};
		4C2BAEE92726B351001A6374 /* Release */ = {
			isa = XCBuildConfiguration;
			buildSettings = {
				ASSETCATALOG_COMPILER_APPICON_NAME = AppIcon;
				ASSETCATALOG_COMPILER_GLOBAL_ACCENT_COLOR_NAME = AccentColor;
				CODE_SIGN_STYLE = Automatic;
				CURRENT_PROJECT_VERSION = 1;
				DEVELOPMENT_TEAM = GEK8BQKJRQ;
				GENERATE_INFOPLIST_FILE = YES;
				INFOPLIST_KEY_NSCameraUsageDescription = "";
				INFOPLIST_KEY_UIApplicationSupportsIndirectInputEvents = YES;
				INFOPLIST_KEY_UILaunchStoryboardName = LaunchScreen;
				INFOPLIST_KEY_UIMainStoryboardFile = Main;
				INFOPLIST_KEY_UIRequiredDeviceCapabilities = arkit;
				INFOPLIST_KEY_UIStatusBarHidden = YES;
				INFOPLIST_KEY_UISupportedInterfaceOrientations_iPad = "UIInterfaceOrientationPortrait UIInterfaceOrientationPortraitUpsideDown UIInterfaceOrientationLandscapeLeft UIInterfaceOrientationLandscapeRight";
				INFOPLIST_KEY_UISupportedInterfaceOrientations_iPhone = "UIInterfaceOrientationPortrait UIInterfaceOrientationLandscapeLeft UIInterfaceOrientationLandscapeRight";
				IPHONEOS_DEPLOYMENT_TARGET = 14.0;
				LD_RUNPATH_SEARCH_PATHS = (
					"$(inherited)",
					"@executable_path/Frameworks",
				);
				MARKETING_VERSION = 1.0;
				PRODUCT_BUNDLE_IDENTIFIER = com.peekspritekit.Peek;
				PRODUCT_NAME = "$(TARGET_NAME)";
				SWIFT_EMIT_LOC_STRINGS = YES;
				TARGETED_DEVICE_FAMILY = "1,2";
			};
			name = Release;
		};
		4C2BAEEB2726B351001A6374 /* Debug */ = {
			isa = XCBuildConfiguration;
			buildSettings = {
				BUNDLE_LOADER = "$(TEST_HOST)";
				CODE_SIGN_STYLE = Automatic;
				CURRENT_PROJECT_VERSION = 1;
				DEVELOPMENT_TEAM = GEK8BQKJRQ;
				GENERATE_INFOPLIST_FILE = YES;
				IPHONEOS_DEPLOYMENT_TARGET = 15.0;
				LD_RUNPATH_SEARCH_PATHS = (
					"$(inherited)",
					"@executable_path/Frameworks",
					"@loader_path/Frameworks",
				);
				MARKETING_VERSION = 1.0;
				PRODUCT_BUNDLE_IDENTIFIER = com.peekspritekit.PeekTests;
				PRODUCT_NAME = "$(TARGET_NAME)";
				SWIFT_EMIT_LOC_STRINGS = NO;
				TARGETED_DEVICE_FAMILY = "1,2";
				TEST_HOST = "$(BUILT_PRODUCTS_DIR)/Peek.app/Peek";
			};
			name = Debug;
		};
		4C2BAEEC2726B351001A6374 /* Release */ = {
			isa = XCBuildConfiguration;
			buildSettings = {
				BUNDLE_LOADER = "$(TEST_HOST)";
				CODE_SIGN_STYLE = Automatic;
				CURRENT_PROJECT_VERSION = 1;
				DEVELOPMENT_TEAM = GEK8BQKJRQ;
				GENERATE_INFOPLIST_FILE = YES;
				IPHONEOS_DEPLOYMENT_TARGET = 15.0;
				LD_RUNPATH_SEARCH_PATHS = (
					"$(inherited)",
					"@executable_path/Frameworks",
					"@loader_path/Frameworks",
				);
				MARKETING_VERSION = 1.0;
				PRODUCT_BUNDLE_IDENTIFIER = com.peekspritekit.PeekTests;
				PRODUCT_NAME = "$(TARGET_NAME)";
				SWIFT_EMIT_LOC_STRINGS = NO;
				TARGETED_DEVICE_FAMILY = "1,2";
				TEST_HOST = "$(BUILT_PRODUCTS_DIR)/Peek.app/Peek";
			};
			name = Release;
		};
		4C2BAEEE2726B351001A6374 /* Debug */ = {
			isa = XCBuildConfiguration;
			buildSettings = {
				CODE_SIGN_STYLE = Automatic;
				CURRENT_PROJECT_VERSION = 1;
				DEVELOPMENT_TEAM = GEK8BQKJRQ;
				GENERATE_INFOPLIST_FILE = YES;
				LD_RUNPATH_SEARCH_PATHS = (
					"$(inherited)",
					"@executable_path/Frameworks",
					"@loader_path/Frameworks",
				);
				MARKETING_VERSION = 1.0;
				PRODUCT_BUNDLE_IDENTIFIER = com.peekspritekit.PeekUITests;
				PRODUCT_NAME = "$(TARGET_NAME)";
				SWIFT_EMIT_LOC_STRINGS = NO;
				TARGETED_DEVICE_FAMILY = "1,2";
				TEST_TARGET_NAME = Peek;
			};
			name = Debug;
		};
		4C2BAEEF2726B351001A6374 /* Release */ = {
			isa = XCBuildConfiguration;
			buildSettings = {
				CODE_SIGN_STYLE = Automatic;
				CURRENT_PROJECT_VERSION = 1;
				DEVELOPMENT_TEAM = GEK8BQKJRQ;
				GENERATE_INFOPLIST_FILE = YES;
				LD_RUNPATH_SEARCH_PATHS = (
					"$(inherited)",
					"@executable_path/Frameworks",
					"@loader_path/Frameworks",
				);
				MARKETING_VERSION = 1.0;
				PRODUCT_BUNDLE_IDENTIFIER = com.peekspritekit.PeekUITests;
				PRODUCT_NAME = "$(TARGET_NAME)";
				SWIFT_EMIT_LOC_STRINGS = NO;
				TARGETED_DEVICE_FAMILY = "1,2";
				TEST_TARGET_NAME = Peek;
			};
			name = Release;
		};
/* End XCBuildConfiguration section */

/* Begin XCConfigurationList section */
		4C2BAEB22726B34E001A6374 /* Build configuration list for PBXProject "Peek" */ = {
			isa = XCConfigurationList;
			buildConfigurations = (
				4C2BAEE52726B351001A6374 /* Debug */,
				4C2BAEE62726B351001A6374 /* Release */,
			);
			defaultConfigurationIsVisible = 0;
			defaultConfigurationName = Release;
		};
		4C2BAEE72726B351001A6374 /* Build configuration list for PBXNativeTarget "Peek" */ = {
			isa = XCConfigurationList;
			buildConfigurations = (
				4C2BAEE82726B351001A6374 /* Debug */,
				4C2BAEE92726B351001A6374 /* Release */,
			);
			defaultConfigurationIsVisible = 0;
			defaultConfigurationName = Release;
		};
		4C2BAEEA2726B351001A6374 /* Build configuration list for PBXNativeTarget "PeekTests" */ = {
			isa = XCConfigurationList;
			buildConfigurations = (
				4C2BAEEB2726B351001A6374 /* Debug */,
				4C2BAEEC2726B351001A6374 /* Release */,
			);
			defaultConfigurationIsVisible = 0;
			defaultConfigurationName = Release;
		};
		4C2BAEED2726B351001A6374 /* Build configuration list for PBXNativeTarget "PeekUITests" */ = {
			isa = XCConfigurationList;
			buildConfigurations = (
				4C2BAEEE2726B351001A6374 /* Debug */,
				4C2BAEEF2726B351001A6374 /* Release */,
			);
			defaultConfigurationIsVisible = 0;
			defaultConfigurationName = Release;
		};
/* End XCConfigurationList section */
	};
	rootObject = 4C2BAEAF2726B34E001A6374 /* Project object */;
}
